// !$*UTF8*$!
{
	archiveVersion = 1;
	classes = {
	};
	objectVersion = 56;
	objects = {

/* Begin PBXBuildFile section */
		9F6482282C483F6100628F18 /* AppDelegate.swift in Sources */ = {isa = PBXBuildFile; fileRef = 9F6482272C483F6100628F18 /* AppDelegate.swift */; };
		9F64822A2C483F6100628F18 /* SceneDelegate.swift in Sources */ = {isa = PBXBuildFile; fileRef = 9F6482292C483F6100628F18 /* SceneDelegate.swift */; };
		9F6482322C483F6100628F18 /* VKTestTaskForInternship.xcdatamodeld in Sources */ = {isa = PBXBuildFile; fileRef = 9F6482302C483F6100628F18 /* VKTestTaskForInternship.xcdatamodeld */; };
		9F6482342C483F6200628F18 /* Assets.xcassets in Resources */ = {isa = PBXBuildFile; fileRef = 9F6482332C483F6200628F18 /* Assets.xcassets */; };
		9F6482372C483F6200628F18 /* Base in Resources */ = {isa = PBXBuildFile; fileRef = 9F6482362C483F6200628F18 /* Base */; };
		9F6482422C484BE600628F18 /* WeatherTypeModel.swift in Sources */ = {isa = PBXBuildFile; fileRef = 9F6482412C484BE600628F18 /* WeatherTypeModel.swift */; };
		9F6482442C484C5700628F18 /* WeatherView.swift in Sources */ = {isa = PBXBuildFile; fileRef = 9F6482432C484C5700628F18 /* WeatherView.swift */; };
		9F6482462C484C8E00628F18 /* WeatherViewController.swift in Sources */ = {isa = PBXBuildFile; fileRef = 9F6482452C484C8E00628F18 /* WeatherViewController.swift */; };
		9F6482512C48CCD400628F18 /* Localizable.strings in Resources */ = {isa = PBXBuildFile; fileRef = 9F64824F2C48CCD400628F18 /* Localizable.strings */; };
		9F6482552C49151B00628F18 /* String+Extension.swift in Sources */ = {isa = PBXBuildFile; fileRef = 9F6482542C49151B00628F18 /* String+Extension.swift */; };
/* End PBXBuildFile section */

/* Begin PBXFileReference section */
		9F6482242C483F6100628F18 /* VKTestTaskForInternship.app */ = {isa = PBXFileReference; explicitFileType = wrapper.application; includeInIndex = 0; path = VKTestTaskForInternship.app; sourceTree = BUILT_PRODUCTS_DIR; };
		9F6482272C483F6100628F18 /* AppDelegate.swift */ = {isa = PBXFileReference; lastKnownFileType = sourcecode.swift; path = AppDelegate.swift; sourceTree = "<group>"; };
		9F6482292C483F6100628F18 /* SceneDelegate.swift */ = {isa = PBXFileReference; lastKnownFileType = sourcecode.swift; path = SceneDelegate.swift; sourceTree = "<group>"; };
		9F6482312C483F6100628F18 /* VKTestTaskForInternship.xcdatamodel */ = {isa = PBXFileReference; lastKnownFileType = wrapper.xcdatamodel; path = VKTestTaskForInternship.xcdatamodel; sourceTree = "<group>"; };
		9F6482332C483F6200628F18 /* Assets.xcassets */ = {isa = PBXFileReference; lastKnownFileType = folder.assetcatalog; path = Assets.xcassets; sourceTree = "<group>"; };
		9F6482362C483F6200628F18 /* Base */ = {isa = PBXFileReference; lastKnownFileType = file.storyboard; name = Base; path = Base.lproj/LaunchScreen.storyboard; sourceTree = "<group>"; };
		9F6482382C483F6200628F18 /* Info.plist */ = {isa = PBXFileReference; lastKnownFileType = text.plist.xml; path = Info.plist; sourceTree = "<group>"; };
		9F6482412C484BE600628F18 /* WeatherTypeModel.swift */ = {isa = PBXFileReference; lastKnownFileType = sourcecode.swift; path = WeatherTypeModel.swift; sourceTree = "<group>"; };
		9F6482432C484C5700628F18 /* WeatherView.swift */ = {isa = PBXFileReference; lastKnownFileType = sourcecode.swift; path = WeatherView.swift; sourceTree = "<group>"; };
		9F6482452C484C8E00628F18 /* WeatherViewController.swift */ = {isa = PBXFileReference; lastKnownFileType = sourcecode.swift; path = WeatherViewController.swift; sourceTree = "<group>"; };
		9F6482502C48CCD400628F18 /* en */ = {isa = PBXFileReference; lastKnownFileType = text.plist.strings; name = en; path = en.lproj/Localizable.strings; sourceTree = "<group>"; };
		9F6482522C48CCFD00628F18 /* ru */ = {isa = PBXFileReference; lastKnownFileType = text.plist.strings; name = ru; path = ru.lproj/Localizable.strings; sourceTree = "<group>"; };
		9F6482542C49151B00628F18 /* String+Extension.swift */ = {isa = PBXFileReference; lastKnownFileType = sourcecode.swift; path = "String+Extension.swift"; sourceTree = "<group>"; };
/* End PBXFileReference section */

/* Begin PBXFrameworksBuildPhase section */
		9F6482212C483F6100628F18 /* Frameworks */ = {
			isa = PBXFrameworksBuildPhase;
			buildActionMask = 2147483647;
			files = (
			);
			runOnlyForDeploymentPostprocessing = 0;
		};
/* End PBXFrameworksBuildPhase section */

/* Begin PBXGroup section */
		9F64821B2C483F6100628F18 = {
			isa = PBXGroup;
			children = (
				9F6482262C483F6100628F18 /* VKTestTaskForInternship */,
				9F6482252C483F6100628F18 /* Products */,
			);
			sourceTree = "<group>";
		};
		9F6482252C483F6100628F18 /* Products */ = {
			isa = PBXGroup;
			children = (
				9F6482242C483F6100628F18 /* VKTestTaskForInternship.app */,
			);
			name = Products;
			sourceTree = "<group>";
		};
		9F6482262C483F6100628F18 /* VKTestTaskForInternship */ = {
			isa = PBXGroup;
			children = (
				9F6482532C4914CB00628F18 /* Extensions */,
				9F6482402C484BB400628F18 /* Models */,
				9F64823F2C484BAC00628F18 /* Views */,
				9F64823E2C484B9F00628F18 /* Controllers */,
				9F6482272C483F6100628F18 /* AppDelegate.swift */,
				9F6482292C483F6100628F18 /* SceneDelegate.swift */,
				9F6482332C483F6200628F18 /* Assets.xcassets */,
				9F64824F2C48CCD400628F18 /* Localizable.strings */,
				9F6482352C483F6200628F18 /* LaunchScreen.storyboard */,
				9F6482382C483F6200628F18 /* Info.plist */,
				9F6482302C483F6100628F18 /* VKTestTaskForInternship.xcdatamodeld */,
			);
			path = VKTestTaskForInternship;
			sourceTree = "<group>";
		};
		9F64823E2C484B9F00628F18 /* Controllers */ = {
			isa = PBXGroup;
			children = (
				9F6482452C484C8E00628F18 /* WeatherViewController.swift */,
			);
			path = Controllers;
			sourceTree = "<group>";
		};
		9F64823F2C484BAC00628F18 /* Views */ = {
			isa = PBXGroup;
			children = (
				9F6482432C484C5700628F18 /* WeatherView.swift */,
			);
			path = Views;
			sourceTree = "<group>";
		};
		9F6482402C484BB400628F18 /* Models */ = {
			isa = PBXGroup;
			children = (
				9F6482412C484BE600628F18 /* WeatherTypeModel.swift */,
			);
			path = Models;
			sourceTree = "<group>";
		};
		9F6482532C4914CB00628F18 /* Extensions */ = {
			isa = PBXGroup;
			children = (
				9F6482542C49151B00628F18 /* String+Extension.swift */,
			);
			path = Extensions;
			sourceTree = "<group>";
		};
/* End PBXGroup section */

/* Begin PBXNativeTarget section */
		9F6482232C483F6100628F18 /* VKTestTaskForInternship */ = {
			isa = PBXNativeTarget;
			buildConfigurationList = 9F64823B2C483F6200628F18 /* Build configuration list for PBXNativeTarget "VKTestTaskForInternship" */;
			buildPhases = (
				9F6482202C483F6100628F18 /* Sources */,
				9F6482212C483F6100628F18 /* Frameworks */,
				9F6482222C483F6100628F18 /* Resources */,
			);
			buildRules = (
			);
			dependencies = (
			);
			name = VKTestTaskForInternship;
			productName = VKTestTaskForInternship;
			productReference = 9F6482242C483F6100628F18 /* VKTestTaskForInternship.app */;
			productType = "com.apple.product-type.application";
		};
/* End PBXNativeTarget section */

/* Begin PBXProject section */
		9F64821C2C483F6100628F18 /* Project object */ = {
			isa = PBXProject;
			attributes = {
				BuildIndependentTargetsInParallel = 1;
				LastSwiftUpdateCheck = 1540;
				LastUpgradeCheck = 1540;
				TargetAttributes = {
					9F6482232C483F6100628F18 = {
						CreatedOnToolsVersion = 15.4;
					};
				};
			};
			buildConfigurationList = 9F64821F2C483F6100628F18 /* Build configuration list for PBXProject "VKTestTaskForInternship" */;
			compatibilityVersion = "Xcode 14.0";
			developmentRegion = en;
			hasScannedForEncodings = 0;
			knownRegions = (
				en,
				Base,
				ru,
			);
			mainGroup = 9F64821B2C483F6100628F18;
			productRefGroup = 9F6482252C483F6100628F18 /* Products */;
			projectDirPath = "";
			projectRoot = "";
			targets = (
				9F6482232C483F6100628F18 /* VKTestTaskForInternship */,
			);
		};
/* End PBXProject section */

/* Begin PBXResourcesBuildPhase section */
		9F6482222C483F6100628F18 /* Resources */ = {
			isa = PBXResourcesBuildPhase;
			buildActionMask = 2147483647;
			files = (
				9F6482342C483F6200628F18 /* Assets.xcassets in Resources */,
				9F6482512C48CCD400628F18 /* Localizable.strings in Resources */,
				9F6482372C483F6200628F18 /* Base in Resources */,
			);
			runOnlyForDeploymentPostprocessing = 0;
		};
/* End PBXResourcesBuildPhase section */

/* Begin PBXSourcesBuildPhase section */
		9F6482202C483F6100628F18 /* Sources */ = {
			isa = PBXSourcesBuildPhase;
			buildActionMask = 2147483647;
			files = (
				9F6482442C484C5700628F18 /* WeatherView.swift in Sources */,
				9F6482552C49151B00628F18 /* String+Extension.swift in Sources */,
				9F6482462C484C8E00628F18 /* WeatherViewController.swift in Sources */,
				9F6482422C484BE600628F18 /* WeatherTypeModel.swift in Sources */,
				9F6482282C483F6100628F18 /* AppDelegate.swift in Sources */,
				9F64822A2C483F6100628F18 /* SceneDelegate.swift in Sources */,
				9F6482322C483F6100628F18 /* VKTestTaskForInternship.xcdatamodeld in Sources */,
			);
			runOnlyForDeploymentPostprocessing = 0;
		};
/* End PBXSourcesBuildPhase section */

/* Begin PBXVariantGroup section */
		9F6482352C483F6200628F18 /* LaunchScreen.storyboard */ = {
			isa = PBXVariantGroup;
			children = (
				9F6482362C483F6200628F18 /* Base */,
			);
			name = LaunchScreen.storyboard;
			sourceTree = "<group>";
		};
		9F64824F2C48CCD400628F18 /* Localizable.strings */ = {
			isa = PBXVariantGroup;
			children = (
				9F6482502C48CCD400628F18 /* en */,
				9F6482522C48CCFD00628F18 /* ru */,
			);
			name = Localizable.strings;
			sourceTree = "<group>";
		};
/* End PBXVariantGroup section */

/* Begin XCBuildConfiguration section */
		9F6482392C483F6200628F18 /* Debug */ = {
			isa = XCBuildConfiguration;
			buildSettings = {
				ALWAYS_SEARCH_USER_PATHS = NO;
				ASSETCATALOG_COMPILER_GENERATE_SWIFT_ASSET_SYMBOL_EXTENSIONS = YES;
				CLANG_ANALYZER_LOCALIZABILITY_NONLOCALIZED = YES;
				CLANG_ANALYZER_NONNULL = YES;
				CLANG_ANALYZER_NUMBER_OBJECT_CONVERSION = YES_AGGRESSIVE;
				CLANG_CXX_LANGUAGE_STANDARD = "gnu++20";
				CLANG_ENABLE_MODULES = YES;
				CLANG_ENABLE_OBJC_ARC = YES;
				CLANG_ENABLE_OBJC_WEAK = YES;
				CLANG_WARN_BLOCK_CAPTURE_AUTORELEASING = YES;
				CLANG_WARN_BOOL_CONVERSION = YES;
				CLANG_WARN_COMMA = YES;
				CLANG_WARN_CONSTANT_CONVERSION = YES;
				CLANG_WARN_DEPRECATED_OBJC_IMPLEMENTATIONS = YES;
				CLANG_WARN_DIRECT_OBJC_ISA_USAGE = YES_ERROR;
				CLANG_WARN_DOCUMENTATION_COMMENTS = YES;
				CLANG_WARN_EMPTY_BODY = YES;
				CLANG_WARN_ENUM_CONVERSION = YES;
				CLANG_WARN_INFINITE_RECURSION = YES;
				CLANG_WARN_INT_CONVERSION = YES;
				CLANG_WARN_NON_LITERAL_NULL_CONVERSION = YES;
				CLANG_WARN_OBJC_IMPLICIT_RETAIN_SELF = YES;
				CLANG_WARN_OBJC_LITERAL_CONVERSION = YES;
				CLANG_WARN_OBJC_ROOT_CLASS = YES_ERROR;
				CLANG_WARN_QUOTED_INCLUDE_IN_FRAMEWORK_HEADER = YES;
				CLANG_WARN_RANGE_LOOP_ANALYSIS = YES;
				CLANG_WARN_STRICT_PROTOTYPES = YES;
				CLANG_WARN_SUSPICIOUS_MOVE = YES;
				CLANG_WARN_UNGUARDED_AVAILABILITY = YES_AGGRESSIVE;
				CLANG_WARN_UNREACHABLE_CODE = YES;
				CLANG_WARN__DUPLICATE_METHOD_MATCH = YES;
				COPY_PHASE_STRIP = NO;
				DEBUG_INFORMATION_FORMAT = dwarf;
				ENABLE_STRICT_OBJC_MSGSEND = YES;
				ENABLE_TESTABILITY = YES;
				ENABLE_USER_SCRIPT_SANDBOXING = YES;
				GCC_C_LANGUAGE_STANDARD = gnu17;
				GCC_DYNAMIC_NO_PIC = NO;
				GCC_NO_COMMON_BLOCKS = YES;
				GCC_OPTIMIZATION_LEVEL = 0;
				GCC_PREPROCESSOR_DEFINITIONS = (
					"DEBUG=1",
					"$(inherited)",
				);
				GCC_WARN_64_TO_32_BIT_CONVERSION = YES;
				GCC_WARN_ABOUT_RETURN_TYPE = YES_ERROR;
				GCC_WARN_UNDECLARED_SELECTOR = YES;
				GCC_WARN_UNINITIALIZED_AUTOS = YES_AGGRESSIVE;
				GCC_WARN_UNUSED_FUNCTION = YES;
				GCC_WARN_UNUSED_VARIABLE = YES;
				IPHONEOS_DEPLOYMENT_TARGET = 17.5;
				LOCALIZATION_PREFERS_STRING_CATALOGS = YES;
				MTL_ENABLE_DEBUG_INFO = INCLUDE_SOURCE;
				MTL_FAST_MATH = YES;
				ONLY_ACTIVE_ARCH = YES;
				SDKROOT = iphoneos;
				SWIFT_ACTIVE_COMPILATION_CONDITIONS = "DEBUG $(inherited)";
				SWIFT_OPTIMIZATION_LEVEL = "-Onone";
			};
			name = Debug;
		};
		9F64823A2C483F6200628F18 /* Release */ = {
			isa = XCBuildConfiguration;
			buildSettings = {
				ALWAYS_SEARCH_USER_PATHS = NO;
				ASSETCATALOG_COMPILER_GENERATE_SWIFT_ASSET_SYMBOL_EXTENSIONS = YES;
				CLANG_ANALYZER_LOCALIZABILITY_NONLOCALIZED = YES;
				CLANG_ANALYZER_NONNULL = YES;
				CLANG_ANALYZER_NUMBER_OBJECT_CONVERSION = YES_AGGRESSIVE;
				CLANG_CXX_LANGUAGE_STANDARD = "gnu++20";
				CLANG_ENABLE_MODULES = YES;
				CLANG_ENABLE_OBJC_ARC = YES;
				CLANG_ENABLE_OBJC_WEAK = YES;
				CLANG_WARN_BLOCK_CAPTURE_AUTORELEASING = YES;
				CLANG_WARN_BOOL_CONVERSION = YES;
				CLANG_WARN_COMMA = YES;
				CLANG_WARN_CONSTANT_CONVERSION = YES;
				CLANG_WARN_DEPRECATED_OBJC_IMPLEMENTATIONS = YES;
				CLANG_WARN_DIRECT_OBJC_ISA_USAGE = YES_ERROR;
				CLANG_WARN_DOCUMENTATION_COMMENTS = YES;
				CLANG_WARN_EMPTY_BODY = YES;
				CLANG_WARN_ENUM_CONVERSION = YES;
				CLANG_WARN_INFINITE_RECURSION = YES;
				CLANG_WARN_INT_CONVERSION = YES;
				CLANG_WARN_NON_LITERAL_NULL_CONVERSION = YES;
				CLANG_WARN_OBJC_IMPLICIT_RETAIN_SELF = YES;
				CLANG_WARN_OBJC_LITERAL_CONVERSION = YES;
				CLANG_WARN_OBJC_ROOT_CLASS = YES_ERROR;
				CLANG_WARN_QUOTED_INCLUDE_IN_FRAMEWORK_HEADER = YES;
				CLANG_WARN_RANGE_LOOP_ANALYSIS = YES;
				CLANG_WARN_STRICT_PROTOTYPES = YES;
				CLANG_WARN_SUSPICIOUS_MOVE = YES;
				CLANG_WARN_UNGUARDED_AVAILABILITY = YES_AGGRESSIVE;
				CLANG_WARN_UNREACHABLE_CODE = YES;
				CLANG_WARN__DUPLICATE_METHOD_MATCH = YES;
				COPY_PHASE_STRIP = NO;
				DEBUG_INFORMATION_FORMAT = "dwarf-with-dsym";
				ENABLE_NS_ASSERTIONS = NO;
				ENABLE_STRICT_OBJC_MSGSEND = YES;
				ENABLE_USER_SCRIPT_SANDBOXING = YES;
				GCC_C_LANGUAGE_STANDARD = gnu17;
				GCC_NO_COMMON_BLOCKS = YES;
				GCC_WARN_64_TO_32_BIT_CONVERSION = YES;
				GCC_WARN_ABOUT_RETURN_TYPE = YES_ERROR;
				GCC_WARN_UNDECLARED_SELECTOR = YES;
				GCC_WARN_UNINITIALIZED_AUTOS = YES_AGGRESSIVE;
				GCC_WARN_UNUSED_FUNCTION = YES;
				GCC_WARN_UNUSED_VARIABLE = YES;
				IPHONEOS_DEPLOYMENT_TARGET = 17.5;
				LOCALIZATION_PREFERS_STRING_CATALOGS = YES;
				MTL_ENABLE_DEBUG_INFO = NO;
				MTL_FAST_MATH = YES;
				SDKROOT = iphoneos;
				SWIFT_COMPILATION_MODE = wholemodule;
				VALIDATE_PRODUCT = YES;
			};
			name = Release;
		};
		9F64823C2C483F6200628F18 /* Debug */ = {
			isa = XCBuildConfiguration;
			buildSettings = {
				ASSETCATALOG_COMPILER_APPICON_NAME = AppIcon;
				ASSETCATALOG_COMPILER_GLOBAL_ACCENT_COLOR_NAME = AccentColor;
				CODE_SIGN_STYLE = Automatic;
				CURRENT_PROJECT_VERSION = 1;
				DEVELOPMENT_TEAM = S5BZSQ678A;
				GENERATE_INFOPLIST_FILE = YES;
				INFOPLIST_FILE = VKTestTaskForInternship/Info.plist;
				INFOPLIST_KEY_UIApplicationSupportsIndirectInputEvents = YES;
				INFOPLIST_KEY_UILaunchStoryboardName = LaunchScreen;
				INFOPLIST_KEY_UISupportedInterfaceOrientations = UIInterfaceOrientationPortrait;
				IPHONEOS_DEPLOYMENT_TARGET = 14.0;
				LD_RUNPATH_SEARCH_PATHS = (
					"$(inherited)",
					"@executable_path/Frameworks",
				);
				MARKETING_VERSION = 1.0;
				PRODUCT_BUNDLE_IDENTIFIER = com.mukaramgaitova.VKTestTaskForInternship;
				PRODUCT_NAME = "$(TARGET_NAME)";
				SWIFT_EMIT_LOC_STRINGS = YES;
				SWIFT_VERSION = 5.0;
				TARGETED_DEVICE_FAMILY = "1,2";
			};
			name = Debug;
		};
		9F64823D2C483F6200628F18 /* Release */ = {
			isa = XCBuildConfiguration;
			buildSettings = {
				ASSETCATALOG_COMPILER_APPICON_NAME = AppIcon;
				ASSETCATALOG_COMPILER_GLOBAL_ACCENT_COLOR_NAME = AccentColor;
				CODE_SIGN_STYLE = Automatic;
				CURRENT_PROJECT_VERSION = 1;
				DEVELOPMENT_TEAM = S5BZSQ678A;
				GENERATE_INFOPLIST_FILE = YES;
				INFOPLIST_FILE = VKTestTaskForInternship/Info.plist;
				INFOPLIST_KEY_UIApplicationSupportsIndirectInputEvents = YES;
				INFOPLIST_KEY_UILaunchStoryboardName = LaunchScreen;
				INFOPLIST_KEY_UISupportedInterfaceOrientations = UIInterfaceOrientationPortrait;
				IPHONEOS_DEPLOYMENT_TARGET = 14.0;
				LD_RUNPATH_SEARCH_PATHS = (
					"$(inherited)",
					"@executable_path/Frameworks",
				);
				MARKETING_VERSION = 1.0;
				PRODUCT_BUNDLE_IDENTIFIER = com.mukaramgaitova.VKTestTaskForInternship;
				PRODUCT_NAME = "$(TARGET_NAME)";
				SWIFT_EMIT_LOC_STRINGS = YES;
				SWIFT_VERSION = 5.0;
				TARGETED_DEVICE_FAMILY = "1,2";
			};
			name = Release;
		};
/* End XCBuildConfiguration section */

/* Begin XCConfigurationList section */
		9F64821F2C483F6100628F18 /* Build configuration list for PBXProject "VKTestTaskForInternship" */ = {
			isa = XCConfigurationList;
			buildConfigurations = (
				9F6482392C483F6200628F18 /* Debug */,
				9F64823A2C483F6200628F18 /* Release */,
			);
			defaultConfigurationIsVisible = 0;
			defaultConfigurationName = Release;
		};
		9F64823B2C483F6200628F18 /* Build configuration list for PBXNativeTarget "VKTestTaskForInternship" */ = {
			isa = XCConfigurationList;
			buildConfigurations = (
				9F64823C2C483F6200628F18 /* Debug */,
				9F64823D2C483F6200628F18 /* Release */,
			);
			defaultConfigurationIsVisible = 0;
			defaultConfigurationName = Release;
		};
/* End XCConfigurationList section */

/* Begin XCVersionGroup section */
		9F6482302C483F6100628F18 /* VKTestTaskForInternship.xcdatamodeld */ = {
			isa = XCVersionGroup;
			children = (
				9F6482312C483F6100628F18 /* VKTestTaskForInternship.xcdatamodel */,
			);
			currentVersion = 9F6482312C483F6100628F18 /* VKTestTaskForInternship.xcdatamodel */;
			path = VKTestTaskForInternship.xcdatamodeld;
			sourceTree = "<group>";
			versionGroupType = wrapper.xcdatamodel;
		};
/* End XCVersionGroup section */
	};
	rootObject = 9F64821C2C483F6100628F18 /* Project object */;
}
